{
  "pins" : [
    {
      "identity" : "cgextensions",
      "kind" : "remoteSourceControl",
      "location" : "https://github.com/jamesporter/CGExtensions",
      "state" : {
        "branch" : "main",
        "revision" : "1a33a318abd6a02acbf644b55bac9500e79c9efd"
      }
    },
    {
      "identity" : "pseudorandom",
      "kind" : "remoteSourceControl",
      "location" : "https://github.com/jamesporter/PseudoRandom",
      "state" : {
        "branch" : "main",
        "revision" : "392d80179d360ee3157acabfe3739ad4e23aff1a"
      }
    },
    {
      "identity" : "swift-snapshot-testing",
      "kind" : "remoteSourceControl",
      "location" : "https://github.com/pointfreeco/swift-snapshot-testing",
      "state" : {
        "revision" : "f29e2014f6230cf7d5138fc899da51c7f513d467",
        "version" : "1.10.0"
      }
    }
  ],
  "version" : 2
}
