{
  "pins" : [
    {
      "identity" : "cgextensions",
      "kind" : "remoteSourceControl",
      "location" : "https://github.com/jamesporter/CGExtensions",
      "state" : {
        "branch" : "main",
        "revision" : "a2f0442fe39ea46609d10d0726157029b2c0fecb"
      }
    },
    {
      "identity" : "pseudorandom",
      "kind" : "remoteSourceControl",
      "location" : "https://github.com/jamesporter/PseudoRandom",
      "state" : {
        "branch" : "main",
        "revision" : "392d80179d360ee3157acabfe3739ad4e23aff1a"
      }
    },
    {
      "identity" : "swift-snapshot-testing",
      "kind" : "remoteSourceControl",
      "location" : "https://github.com/pointfreeco/swift-snapshot-testing",
      "state" : {
        "revision" : "cef5b3f6f11781dd4591bdd1dd0a3d22bd609334",
        "version" : "1.11.0"
      }
    }
  ],
  "version" : 2
}
