{
  "pins" : [
    {
      "identity" : "cgextensions",
      "kind" : "remoteSourceControl",
      "location" : "https://github.com/jamesporter/CGExtensions",
      "state" : {
        "branch" : "main",
        "revision" : "eca6d0087c2958f342fa2e8e44987e8734e86f89"
      }
    },
    {
      "identity" : "pseudorandom",
      "kind" : "remoteSourceControl",
      "location" : "https://github.com/jamesporter/PseudoRandom",
      "state" : {
        "branch" : "main",
        "revision" : "43f35a27910ee5074a6d57854fb11266cc23fe25"
      }
    },
    {
      "identity" : "swift-snapshot-testing",
      "kind" : "remoteSourceControl",
      "location" : "https://github.com/pointfreeco/swift-snapshot-testing",
      "state" : {
        "revision" : "f29e2014f6230cf7d5138fc899da51c7f513d467",
        "version" : "1.10.0"
      }
    }
  ],
  "version" : 2
}
